{
  "version": 4,
  "terraform_version": "1.1.8",
  "serial": 83,
  "lineage": "5d647bc5-f212-b186-9f75-c5ba0ec10fae",
  "outputs": {
    "instance_ip_addr": {
      "value": "",
      "type": "string"
    }
  },
  "resources": [
    {
      "mode": "managed",
      "type": "aws_eip",
      "name": "webserverip",
      "provider": "provider[\"registry.terraform.io/hashicorp/aws\"]",
      "instances": [
        {
          "schema_version": 0,
          "attributes": {
            "address": null,
            "allocation_id": "eipalloc-0dbc6516bcb81f24f",
            "associate_with_private_ip": null,
            "association_id": "eipassoc-0e3a26c74b764200b",
            "carrier_ip": "",
            "customer_owned_ip": "",
            "customer_owned_ipv4_pool": "",
            "domain": "vpc",
            "id": "eipalloc-0dbc6516bcb81f24f",
            "instance": "i-0a15149879164e9ac",
            "network_border_group": "us-east-1",
            "network_interface": "eni-01a62e6e80ad6e522",
            "private_dns": "ip-10-0-1-50.ec2.internal",
            "private_ip": "10.0.1.50",
            "public_dns": "ec2-3-211-63-63.compute-1.amazonaws.com",
            "public_ip": "3.211.63.63",
            "public_ipv4_pool": "amazon",
            "tags": {},
            "tags_all": {},
            "timeouts": null,
            "vpc": true
          },
          "sensitive_attributes": [],
          "private": "eyJlMmJmYjczMC1lY2FhLTExZTYtOGY4OC0zNDM2M2JjN2M0YzAiOnsiZGVsZXRlIjoxODAwMDAwMDAwMDAsInJlYWQiOjkwMDAwMDAwMDAwMCwidXBkYXRlIjozMDAwMDAwMDAwMDB9fQ=="
        }
      ]
    },
    {
      "mode": "managed",
      "type": "aws_eip_association",
      "name": "eip_assoc",
      "provider": "provider[\"registry.terraform.io/hashicorp/aws\"]",
      "instances": [
        {
          "schema_version": 0,
          "attributes": {
            "allocation_id": "eipalloc-0dbc6516bcb81f24f",
            "allow_reassociation": null,
            "id": "eipassoc-0e3a26c74b764200b",
            "instance_id": "i-0a15149879164e9ac",
            "network_interface_id": "eni-01a62e6e80ad6e522",
            "private_ip_address": "10.0.1.50",
            "public_ip": "3.211.63.63"
          },
          "sensitive_attributes": [],
          "private": "bnVsbA==",
          "dependencies": [
            "aws_eip.webserverip",
            "aws_instance.prod",
            "aws_network_interface.test",
            "aws_security_group.allow_tls",
            "aws_subnet.prod_sub",
            "aws_vpc.production"
          ]
        }
      ]
    },
    {
      "mode": "managed",
      "type": "aws_instance",
      "name": "prod",
      "provider": "provider[\"registry.terraform.io/hashicorp/aws\"]",
      "instances": [
        {
          "schema_version": 1,
          "attributes": {
            "ami": "ami-0ed9277fb7eb570c9",
            "arn": "arn:aws:ec2:us-east-1:602689179222:instance/i-0a15149879164e9ac",
            "associate_public_ip_address": false,
            "availability_zone": "us-east-1b",
            "capacity_reservation_specification": [
              {
                "capacity_reservation_preference": "open",
                "capacity_reservation_target": []
              }
            ],
            "cpu_core_count": 1,
            "cpu_threads_per_core": 1,
            "credit_specification": [
              {
                "cpu_credits": "standard"
              }
            ],
            "disable_api_termination": false,
            "ebs_block_device": [],
            "ebs_optimized": false,
            "enclave_options": [
              {
                "enabled": false
              }
            ],
            "ephemeral_block_device": [],
            "get_password_data": false,
            "hibernation": false,
            "host_id": null,
            "iam_instance_profile": "",
            "id": "i-0a15149879164e9ac",
            "instance_initiated_shutdown_behavior": "stop",
            "instance_state": "running",
            "instance_type": "t2.micro",
            "ipv6_address_count": 0,
            "ipv6_addresses": [],
            "key_name": "webserver",
            "launch_template": [],
            "metadata_options": [
              {
                "http_endpoint": "enabled",
                "http_put_response_hop_limit": 1,
                "http_tokens": "optional"
              }
            ],
            "monitoring": false,
            "network_interface": [],
            "outpost_arn": "",
            "password_data": "",
            "placement_group": "",
            "placement_partition_number": null,
            "primary_network_interface_id": "eni-00f7601859919b6ca",
            "private_dns": "ip-10-0-1-93.ec2.internal",
            "private_ip": "10.0.1.93",
            "public_dns": "",
            "public_ip": "",
            "root_block_device": [
              {
                "delete_on_termination": true,
                "device_name": "/dev/xvda",
                "encrypted": false,
                "iops": 100,
                "kms_key_id": "",
                "tags": {},
                "throughput": 0,
                "volume_id": "vol-0ba0bef5a7967ae5e",
                "volume_size": 8,
                "volume_type": "gp2"
              }
            ],
            "secondary_private_ips": [],
            "security_groups": [],
            "source_dest_check": true,
            "subnet_id": "subnet-0b3c382d7ef1a9733",
            "tags": {
              "Name": "webserver"
            },
            "tags_all": {
              "Name": "webserver"
            },
            "tenancy": "default",
            "timeouts": null,
            "user_data": null,
            "user_data_base64": null,
            "volume_tags": null,
            "vpc_security_group_ids": [
              "sg-03bde322f96e1a38d"
            ]
          },
          "sensitive_attributes": [],
          "private": "eyJlMmJmYjczMC1lY2FhLTExZTYtOGY4OC0zNDM2M2JjN2M0YzAiOnsiY3JlYXRlIjo2MDAwMDAwMDAwMDAsImRlbGV0ZSI6MTIwMDAwMDAwMDAwMCwidXBkYXRlIjo2MDAwMDAwMDAwMDB9LCJzY2hlbWFfdmVyc2lvbiI6IjEifQ==",
          "dependencies": [
            "aws_subnet.prod_sub",
            "aws_vpc.production"
          ]
        }
      ]
    },
    {
      "mode": "managed",
      "type": "aws_internet_gateway",
      "name": "myvpc_gw",
      "provider": "provider[\"registry.terraform.io/hashicorp/aws\"]",
      "instances": [
        {
          "schema_version": 0,
          "attributes": {
            "arn": "arn:aws:ec2:us-east-1:602689179222:internet-gateway/igw-04c65d496cc708f83",
            "id": "igw-04c65d496cc708f83",
            "owner_id": "602689179222",
            "tags": {
              "Name": "prod_vpc_gw"
            },
            "tags_all": {
              "Name": "prod_vpc_gw"
            },
            "vpc_id": "vpc-0f9431164af901caa"
          },
          "sensitive_attributes": [],
          "private": "bnVsbA==",
          "dependencies": [
            "aws_vpc.production"
          ]
        }
      ]
    },
    {
      "mode": "managed",
      "type": "aws_key_pair",
      "name": "generated_key",
      "provider": "provider[\"registry.terraform.io/hashicorp/aws\"]",
      "instances": [
        {
          "schema_version": 1,
          "attributes": {
            "arn": "arn:aws:ec2:us-east-1:602689179222:key-pair/mykey",
            "fingerprint": "d1:f6:b9:66:9e:d8:bf:bf:14:31:f9:9c:41:81:d7:0e",
            "id": "mykey",
            "key_name": "mykey",
            "key_name_prefix": "",
            "key_pair_id": "key-0d22407b6b8374372",
            "public_key": "ssh-rsa AAAAB3NzaC1yc2EAAAADAQABAAACAQDRgx8sLNGwByefgdl9V1poyn8i6Kfy43EsjWwvlVSCZSHvDxQo/BBu1ddCeEHIBe95ZLPekH/udc+0PSykeH3QvjYDNKcQesWx0Gx0tvyYj2RHQCjFhyMRIcxpgY0CJ3eZaU509v/tcep269NBeJodzOFT/9piMm95uEBw+zWw5gZv0jqs7uYtrY97v4h9RY7JQ95bi1beM+i32xapvvzgEpqWsBDSFwJ+/qnb5S2WtpwVEJJTd2uOgX+7p8/xnuAsiRQ9/gJBsx4PoektAybUrYgEE00BsIYhcbn+1Zw5I2bUVJmrZogo23Q4TJviEArf6neS/ipb7f96sbz/bbgMda8fbZTB5bcUbCmPIuMQp/ytF2hkTR8a9FLziSAdoXpFDmq+mN2IrjZ7pN/nsXk+5yfGNRtSDqiP4EYcBeIH8EWZAlHtfx5VnUFNTP9ssVpJRuQoQyM04RdS1R7IJ5r492w8uJw4lEPZOJx/rYfvRF2NfdLlAldY64JX8tSilR+uNtvpe5/Dcx6KYc8HP63zrJ6lvBpyCJlfeLcCsu0jCyVUYUib3XEhwXwofx6eHjwytHKb3AkObhW+jtZgw/Frby+OD1sVo6AzNqHlUiP1qovhIrXxTCF82S6KjlP22Ltc1pWqnv+7l7SyxtmAO678LBDNXlyqmH4Ep18/TUL7FQ==",
            "tags": null,
            "tags_all": {}
          },
          "sensitive_attributes": [],
          "private": "eyJzY2hlbWFfdmVyc2lvbiI6IjEifQ==",
          "dependencies": [
            "tls_private_key.tlsauth"
          ]
        }
      ]
    },
    {
      "mode": "managed",
      "type": "aws_network_interface",
      "name": "test",
      "provider": "provider[\"registry.terraform.io/hashicorp/aws\"]",
      "instances": [
        {
          "schema_version": 0,
          "attributes": {
            "arn": "arn:aws:ec2:us-east-1:602689179222:network-interface/eni-01a62e6e80ad6e522",
            "attachment": [
              {
                "attachment_id": "eni-attach-0ca379adce0bbfd3d",
                "device_index": 1,
                "instance": "i-0a15149879164e9ac"
              }
            ],
            "description": "",
            "id": "eni-01a62e6e80ad6e522",
            "interface_type": "interface",
            "ipv4_prefix_count": 0,
            "ipv4_prefixes": [],
            "ipv6_address_count": 0,
            "ipv6_addresses": [],
            "ipv6_prefix_count": 0,
            "ipv6_prefixes": [],
            "mac_address": "0e:ec:22:8c:99:a1",
            "outpost_arn": "",
            "owner_id": "602689179222",
            "private_dns_name": "ip-10-0-1-50.ec2.internal",
            "private_ip": "10.0.1.50",
            "private_ips": [
              "10.0.1.50"
            ],
            "private_ips_count": 0,
            "security_groups": [
              "sg-0262c91d7fa19ce41"
            ],
            "source_dest_check": true,
            "subnet_id": "subnet-0b3c382d7ef1a9733",
            "tags": {},
            "tags_all": {}
          },
          "sensitive_attributes": [],
          "private": "bnVsbA==",
          "dependencies": [
            "aws_instance.prod",
            "aws_security_group.allow_tls",
            "aws_subnet.prod_sub",
            "aws_vpc.production"
          ]
        }
      ]
    },
    {
      "mode": "managed",
      "type": "aws_route",
      "name": "internet",
      "provider": "provider[\"registry.terraform.io/hashicorp/aws\"]",
      "instances": [
        {
          "schema_version": 0,
          "attributes": {
            "carrier_gateway_id": "",
            "destination_cidr_block": "0.0.0.0/0",
            "destination_ipv6_cidr_block": "",
            "destination_prefix_list_id": "",
            "egress_only_gateway_id": "",
            "gateway_id": "igw-04c65d496cc708f83",
            "id": "r-rtb-07ab42cc514d8839d1080289494",
            "instance_id": "",
            "instance_owner_id": "",
            "local_gateway_id": "",
            "nat_gateway_id": "",
            "network_interface_id": "",
            "origin": "CreateRoute",
            "route_table_id": "rtb-07ab42cc514d8839d",
            "state": "active",
            "timeouts": null,
            "transit_gateway_id": "",
            "vpc_endpoint_id": "",
            "vpc_peering_connection_id": ""
          },
          "sensitive_attributes": [],
          "private": "eyJlMmJmYjczMC1lY2FhLTExZTYtOGY4OC0zNDM2M2JjN2M0YzAiOnsiY3JlYXRlIjozMDAwMDAwMDAwMDAsImRlbGV0ZSI6MzAwMDAwMDAwMDAwLCJ1cGRhdGUiOjEyMDAwMDAwMDAwMH19",
          "dependencies": [
            "aws_internet_gateway.myvpc_gw",
            "aws_route_table.myroutetable",
            "aws_vpc.production"
          ]
        }
      ]
    },
    {
      "mode": "managed",
      "type": "aws_route_table",
      "name": "myroutetable",
      "provider": "provider[\"registry.terraform.io/hashicorp/aws\"]",
      "instances": [
        {
          "schema_version": 0,
          "attributes": {
            "arn": "arn:aws:ec2:us-east-1:602689179222:route-table/rtb-07ab42cc514d8839d",
            "id": "rtb-07ab42cc514d8839d",
            "owner_id": "602689179222",
            "propagating_vgws": [],
            "route": [
              {
                "carrier_gateway_id": "",
                "cidr_block": "0.0.0.0/0",
                "destination_prefix_list_id": "",
                "egress_only_gateway_id": "",
                "gateway_id": "igw-04c65d496cc708f83",
                "instance_id": "",
                "ipv6_cidr_block": "",
                "local_gateway_id": "",
                "nat_gateway_id": "",
                "network_interface_id": "",
                "transit_gateway_id": "",
                "vpc_endpoint_id": "",
                "vpc_peering_connection_id": ""
              }
            ],
            "tags": {
              "key": "prod_routetable"
            },
            "tags_all": {
              "key": "prod_routetable"
            },
            "timeouts": null,
            "vpc_id": "vpc-0f9431164af901caa"
          },
          "sensitive_attributes": [],
          "private": "eyJlMmJmYjczMC1lY2FhLTExZTYtOGY4OC0zNDM2M2JjN2M0YzAiOnsiY3JlYXRlIjozMDAwMDAwMDAwMDAsImRlbGV0ZSI6MzAwMDAwMDAwMDAwLCJ1cGRhdGUiOjEyMDAwMDAwMDAwMH19",
          "dependencies": [
            "aws_vpc.production"
          ]
        }
      ]
    },
    {
      "mode": "managed",
      "type": "aws_route_table_association",
      "name": "My_VPC_association",
      "provider": "provider[\"registry.terraform.io/hashicorp/aws\"]",
      "instances": [
        {
          "schema_version": 0,
          "attributes": {
            "gateway_id": "",
            "id": "rtbassoc-0887f1d11e06bfbd5",
            "route_table_id": "rtb-07ab42cc514d8839d",
            "subnet_id": "subnet-0b3c382d7ef1a9733"
          },
          "sensitive_attributes": [],
          "private": "bnVsbA==",
          "dependencies": [
            "aws_route_table.myroutetable",
            "aws_subnet.prod_sub",
            "aws_vpc.production"
          ]
        }
      ]
    },
    {
      "mode": "managed",
      "type": "aws_security_group",
      "name": "allow_tls",
      "provider": "provider[\"registry.terraform.io/hashicorp/aws\"]",
      "instances": [
        {
          "schema_version": 1,
          "attributes": {
            "arn": "arn:aws:ec2:us-east-1:602689179222:security-group/sg-0262c91d7fa19ce41",
            "description": "Allow TLS inbound traffic",
            "egress": [
              {
                "cidr_blocks": [
                  "0.0.0.0/0"
                ],
                "description": "",
                "from_port": 0,
                "ipv6_cidr_blocks": [
                  "::/0"
                ],
                "prefix_list_ids": [],
                "protocol": "-1",
                "security_groups": [],
                "self": false,
                "to_port": 0
              }
            ],
            "id": "sg-0262c91d7fa19ce41",
            "ingress": [
              {
                "cidr_blocks": [
                  "0.0.0.0/0"
                ],
                "description": "TLS from VPC",
                "from_port": 22,
                "ipv6_cidr_blocks": [],
                "prefix_list_ids": [],
                "protocol": "tcp",
                "security_groups": [],
                "self": false,
                "to_port": 22
              },
              {
                "cidr_blocks": [
                  "0.0.0.0/0"
                ],
                "description": "TLS from VPC",
                "from_port": 443,
                "ipv6_cidr_blocks": [],
                "prefix_list_ids": [],
                "protocol": "tcp",
                "security_groups": [],
                "self": false,
                "to_port": 443
              },
              {
                "cidr_blocks": [
                  "0.0.0.0/0"
                ],
                "description": "TLS from VPC",
                "from_port": 80,
                "ipv6_cidr_blocks": [],
                "prefix_list_ids": [],
                "protocol": "tcp",
                "security_groups": [],
                "self": false,
                "to_port": 80
              }
            ],
            "name": "allow_tls",
            "name_prefix": "",
            "owner_id": "602689179222",
            "revoke_rules_on_delete": false,
            "tags": {
              "Name": "allow_tls"
            },
            "tags_all": {
              "Name": "allow_tls"
            },
            "timeouts": null,
            "vpc_id": "vpc-0f9431164af901caa"
          },
          "sensitive_attributes": [],
          "private": "eyJlMmJmYjczMC1lY2FhLTExZTYtOGY4OC0zNDM2M2JjN2M0YzAiOnsiY3JlYXRlIjo2MDAwMDAwMDAwMDAsImRlbGV0ZSI6OTAwMDAwMDAwMDAwfSwic2NoZW1hX3ZlcnNpb24iOiIxIn0=",
          "dependencies": [
            "aws_vpc.production"
          ]
        }
      ]
    },
    {
      "mode": "managed",
      "type": "aws_subnet",
      "name": "prod_sub",
      "provider": "provider[\"registry.terraform.io/hashicorp/aws\"]",
      "instances": [
        {
          "schema_version": 1,
          "attributes": {
            "arn": "arn:aws:ec2:us-east-1:602689179222:subnet/subnet-0b3c382d7ef1a9733",
            "assign_ipv6_address_on_creation": false,
            "availability_zone": "us-east-1b",
            "availability_zone_id": "use1-az6",
            "cidr_block": "10.0.1.0/24",
            "customer_owned_ipv4_pool": "",
            "id": "subnet-0b3c382d7ef1a9733",
            "ipv6_cidr_block": "",
            "ipv6_cidr_block_association_id": "",
            "map_customer_owned_ip_on_launch": false,
            "map_public_ip_on_launch": false,
            "outpost_arn": "",
            "owner_id": "602689179222",
            "tags": {
              "Name": "prod vpc subnet"
            },
            "tags_all": {
              "Name": "prod vpc subnet"
            },
            "timeouts": null,
            "vpc_id": "vpc-0f9431164af901caa"
          },
          "sensitive_attributes": [],
          "private": "eyJlMmJmYjczMC1lY2FhLTExZTYtOGY4OC0zNDM2M2JjN2M0YzAiOnsiY3JlYXRlIjo2MDAwMDAwMDAwMDAsImRlbGV0ZSI6MTIwMDAwMDAwMDAwMH0sInNjaGVtYV92ZXJzaW9uIjoiMSJ9",
          "dependencies": [
            "aws_vpc.production"
          ]
        }
      ]
    },
    {
      "mode": "managed",
      "type": "aws_vpc",
      "name": "production",
      "provider": "provider[\"registry.terraform.io/hashicorp/aws\"]",
      "instances": [
        {
          "schema_version": 1,
          "attributes": {
            "arn": "arn:aws:ec2:us-east-1:602689179222:vpc/vpc-0f9431164af901caa",
            "assign_generated_ipv6_cidr_block": false,
            "cidr_block": "10.0.0.0/16",
            "default_network_acl_id": "acl-0b41db178a2118173",
            "default_route_table_id": "rtb-006426046b546d3a3",
            "default_security_group_id": "sg-03bde322f96e1a38d",
            "dhcp_options_id": "dopt-450a253f",
            "enable_classiclink": false,
            "enable_classiclink_dns_support": false,
            "enable_dns_hostnames": true,
            "enable_dns_support": true,
            "id": "vpc-0f9431164af901caa",
            "instance_tenancy": "default",
            "ipv4_ipam_pool_id": null,
            "ipv4_netmask_length": null,
            "ipv6_association_id": "",
            "ipv6_cidr_block": "",
            "ipv6_ipam_pool_id": null,
            "ipv6_netmask_length": null,
            "main_route_table_id": "rtb-006426046b546d3a3",
            "owner_id": "602689179222",
            "tags": {
              "Name": "prod"
            },
            "tags_all": {
              "Name": "prod"
            }
          },
          "sensitive_attributes": [],
          "private": "eyJzY2hlbWFfdmVyc2lvbiI6IjEifQ=="
        }
      ]
    },
    {
      "mode": "managed",
      "type": "local_file",
      "name": "cloud_pem",
      "provider": "provider[\"registry.terraform.io/hashicorp/local\"]",
      "instances": [
        {
          "schema_version": 0,
          "attributes": {
            "content": "-----BEGIN RSA PRIVATE KEY-----\nMIIJKQIBAAKCAgEA0YMfLCzRsAcnn4HZfVdaaMp/Iuin8uNxLI1sL5VUgmUh7w8U\nKPwQbtXXQnhByAXveWSz3pB/7nXPtD0spHh90L42AzSnEHrFsdBsdLb8mI9kR0Ao\nxYcjESHMaYGNAid3mWlOdPb/7XHqduvTQXiaHczhU//aYjJvebhAcPs1sOYGb9I6\nrO7mLa2Pe7+IfUWOyUPeW4tW3jPot9sWqb784BKalrAQ0hcCfv6p2+UtlracFRCS\nU3drjoF/u6fP8Z7gLIkUPf4CQbMeD6HpLQMm1K2IBBNNAbCGIXG5/tWcOSNm1FSZ\nq2aIKNt0OEyb4hAK3+p3kv4qW+3/erG8/224DHWvH22UweW3FGwpjyLjEKf8rRdo\nZE0fGvRS84kgHaF6RQ5qvpjdiK42e6Tf57F5PucnxjUbUg6oj+BGHAXiB/BFmQJR\n7X8eVZ1BTUz/bLFaSUbkKEMjNOEXUtUeyCea+PdsPLicOJRD2Ticf62H70RdjX3S\n5QJXWOuCV/LUopUfrjbb6Xufw3MeimHPBz+t86yepbwacgiZX3i3ArLtIwslVGFI\nm91xIcF8KH8enh48MrRym9wJDm4Vvo7WYMPxa28vjg9bFaOgMzah5VIj9aqL4SK1\n8UwhfNkuio5T9ti7XNaVqp7/u5e0ssbZgDuu/CwQzV5cqph+BKdfP01C+xUCAwEA\nAQKCAgEAvEQSX/TKXF6hiWD6mfpEAMRuKGVefhFJYpqWq8+JiD7ulk47dHTFI4O/\nEjjUC7Ths3j9dLLucs6k3TbXhdfMXyZ9jLXkphdczOMYgmzoYQMBPlF2EcHUjhGM\nCQbkOhpTC6UoXkySP8FMyp4xULTZ8Itps7zGddUSfRNHvP7QCW06PYNxPHLUnhlH\nRREgykkV/N+i0SpN3hBRP9186P35aDTvexctlkwc7xdSdYnkRHlFmlww0RYPrZfK\nu0sZvephUUPAz9AQIQ+epLd+u/cIDrb88YSSf0Er1qPGWiuDXYjlX0nCaNYS5nwF\nXI3iyepWi027M3h3gfJEz/Elf3YNmmqi8ElcobtEjiyAFzlq6O9siEexjd1HLye8\nk66/yBUdVsedPCmq4sgk1JouRvkA6jSo27F1danAEDKEeEw+Gr2C5w4cJXo+0zVi\n8AUescozQn7ssglTjgEXVbrgpnK3+Zs707MTQIBHOjxq7d4RMFLT5dulvNim/HT2\nUF5JfDQ6pCsdyF70ygOHsg7iCvbORraEmE8iroB8UuXalQB/NcOMWUpJTW/DspC6\nhr/ef5LH4c6ZFndqkEaoG4Mjgfi5I8OqiZxClV9WEcumG35y3l7ZYYiOrcd/DbJr\no0030oI6LiaTMlSJqrB9e+wycs92fzv9ShYusesWvu8sPbxqWwUCggEBAP4zXVOd\nHE3ZVvGB2RkD9TY/4ui8avZK4zdCERUQqRZJq39N+sIPZE+M68FSB7mPBwqQBPxh\nkBvW7bHk+F9KK0gDOBPB+8gnAw31JPm1o4iQqQwOJIMNQFZdAAFPyXIz9JsNcOQh\nYhN3ayyVfSqYD7KF/ft7/igXi09eagsn9o6B+vYGqOaQrMM6iIz8OUu8ZCV0VFvH\n7Cvg32tcMVqbYfIyJEOnCxfPyf20b9BW0phnih01hmacKfLf91jY5Qm6BtDqvtCv\nvYPdVvHkl5Gy6LtEAyhOd8qV39RPIO2z1+ZHgFKtd/xdPbWs5300XSguhJQLvcs/\nRS1uAl8x1DgA7SMCggEBANL+xw0nGTPXEwK+9conA5PmC1JC8X911nuvBdUQ+jk5\nnbKVfKTkgoWI+CFWvbQ7flDK5DoJqfTYhPiXSDky6C7QYDBA5CVeyKd3XFiHEgQH\nbt1FIPvhdq8xhhc9/X1l4qlvxqPc8FXKVjNoAOT3XanYZGkUqgcFFU4x7fsJZ5nK\nCJ73wtd3sxvPljAlJFd+Vz5mOHFlwFZmEyZmcTpS8/MraJkcHQcyF7Wsd8jRZ4KD\nDuZnDLOdFbgNtgRzljwH4MhoTT1SJkKDfTRzneq8iYaTRelCNwSHwtTm5j1Ul7ul\nk5hc0Mfjfvktc1Kovritpr5n7dKIzCJ+tJ08E6qERmcCggEBAKdcEfnW2qe2jDN9\nFf4OSQdqkG5Cfvmg3G+pI64GxgxSfILYSFwz3gsx8JXa+BMHQ8+EeoPfiA2MN/qD\nkbLLFivXUrhPYwGoDa7G041ENWLYOzQgq5FMzCsQF8zFRw/VfRoIg2bvQ68lVH6J\n/VppuwwCg/Fq9S5YMfQTaSXnLcEtepk4UUNbxSLUCssn1GE0q4qtSE0VFzzcVLxO\nen/5BUd8E7wm4nrO52INxgAY6ZZFtPz+HHq6HjQ1mJf6VPFOdOZfZznmOpPyyieA\nJPpcHDYO1TVYVC4g9rjFUByv51lJggbtBq40hUhzigU40Ix/8/G0uURzZ4w9fXpH\nSD2G/pkCggEACD6+howNlxIDgyr1LeYiZKgrrxZAm6t+Ky0mvDHCpXPT7sOasFLh\nqtg0YhEirqVYhU24Z3AzPQctAw3eW6XanuGzsI8Im1E95BVs/WSh1ph3w5vM8yrX\nWXdE9ymL+1d86QQeLg8XMTML9UxOJKRp+5YiLl0JW+bd80VOOG4gp0jW12d1LLhX\nvnF5O/5nkie0vxJ9iCjiwD2S6AA+0nmlYM5Ecx8/HyXc+VN5BtbwBZCbh3Nlcqtj\nyuJ2R2xA5a2lIg+5XPkV16mNvfv6os6lTSX6KGhXAA1SFsHDI4hnuYR55Q1Td0wz\njQcyp3tCoLLgfjZPe9euqnZrFm3fkt1CZwKCAQAHQDhE/rRMMxJubf7KzcAAUn/v\nUIXjFot9y7WG9tjuDxTbW/V6SGjH56MXcUZCRXrHAl59mSsYSXoxJq8sVUP/Dtol\n3S4aakIlR82uHXWQ9Eers5xGvP4f5qr4E4jW8V1c9D0lL4OKYWMncaOWwlWZbWLy\nGKI89k/Cu0lgHpJP9y2ztoJ883CEisVysptChHB2GdtgTbCgafW5H6D8ny+cs7jR\nklbVhuFDkLS79pYfjfwfQb2m5AlsYoRpVTl7k/IoSFHM+EMassSpCtc/FYiBjEWw\nrsZEIGctZba3Q1Db6FmGpoReIdV2T8mqglfPV/jefWXz1vZ1UoGlHcF1Bvd3\n-----END RSA PRIVATE KEY-----\n",
            "content_base64": null,
            "directory_permission": "0777",
            "file_permission": "0777",
            "filename": "./cloudtls.pem",
            "id": "8ce9dbad553863f5560c3755c1f8fdd63cce7697",
            "sensitive_content": null,
            "source": null
          },
          "sensitive_attributes": [
            [
              {
                "type": "get_attr",
                "value": "content"
              }
            ]
          ],
          "private": "bnVsbA==",
          "dependencies": [
            "tls_private_key.tlsauth"
          ]
        }
      ]
    },
    {
      "mode": "managed",
      "type": "tls_private_key",
      "name": "tlsauth",
      "provider": "provider[\"registry.terraform.io/hashicorp/tls\"]",
      "instances": [
        {
          "schema_version": 0,
          "attributes": {
            "algorithm": "RSA",
            "ecdsa_curve": "P224",
            "id": "7a22eae7e3c001bd7c8264346e2d18b1abf2f4cb",
            "private_key_openssh": "-----BEGIN OPENSSH PRIVATE KEY-----\nb3BlbnNzaC1rZXktdjEAAAAABG5vbmUAAAAEbm9uZQAAAAAAAAABAAACFwAAAAdz\nc2gtcnNhAAAAAwEAAQAAAgEA0YMfLCzRsAcnn4HZfVdaaMp/Iuin8uNxLI1sL5VU\ngmUh7w8UKPwQbtXXQnhByAXveWSz3pB/7nXPtD0spHh90L42AzSnEHrFsdBsdLb8\nmI9kR0AoxYcjESHMaYGNAid3mWlOdPb/7XHqduvTQXiaHczhU//aYjJvebhAcPs1\nsOYGb9I6rO7mLa2Pe7+IfUWOyUPeW4tW3jPot9sWqb784BKalrAQ0hcCfv6p2+Ut\nlracFRCSU3drjoF/u6fP8Z7gLIkUPf4CQbMeD6HpLQMm1K2IBBNNAbCGIXG5/tWc\nOSNm1FSZq2aIKNt0OEyb4hAK3+p3kv4qW+3/erG8/224DHWvH22UweW3FGwpjyLj\nEKf8rRdoZE0fGvRS84kgHaF6RQ5qvpjdiK42e6Tf57F5PucnxjUbUg6oj+BGHAXi\nB/BFmQJR7X8eVZ1BTUz/bLFaSUbkKEMjNOEXUtUeyCea+PdsPLicOJRD2Ticf62H\n70RdjX3S5QJXWOuCV/LUopUfrjbb6Xufw3MeimHPBz+t86yepbwacgiZX3i3ArLt\nIwslVGFIm91xIcF8KH8enh48MrRym9wJDm4Vvo7WYMPxa28vjg9bFaOgMzah5VIj\n9aqL4SK18UwhfNkuio5T9ti7XNaVqp7/u5e0ssbZgDuu/CwQzV5cqph+BKdfP01C\n+xUAAAc4c3v7jXN7+40AAAAHc3NoLXJzYQAAAgEA0YMfLCzRsAcnn4HZfVdaaMp/\nIuin8uNxLI1sL5VUgmUh7w8UKPwQbtXXQnhByAXveWSz3pB/7nXPtD0spHh90L42\nAzSnEHrFsdBsdLb8mI9kR0AoxYcjESHMaYGNAid3mWlOdPb/7XHqduvTQXiaHczh\nU//aYjJvebhAcPs1sOYGb9I6rO7mLa2Pe7+IfUWOyUPeW4tW3jPot9sWqb784BKa\nlrAQ0hcCfv6p2+UtlracFRCSU3drjoF/u6fP8Z7gLIkUPf4CQbMeD6HpLQMm1K2I\nBBNNAbCGIXG5/tWcOSNm1FSZq2aIKNt0OEyb4hAK3+p3kv4qW+3/erG8/224DHWv\nH22UweW3FGwpjyLjEKf8rRdoZE0fGvRS84kgHaF6RQ5qvpjdiK42e6Tf57F5Pucn\nxjUbUg6oj+BGHAXiB/BFmQJR7X8eVZ1BTUz/bLFaSUbkKEMjNOEXUtUeyCea+Pds\nPLicOJRD2Ticf62H70RdjX3S5QJXWOuCV/LUopUfrjbb6Xufw3MeimHPBz+t86ye\npbwacgiZX3i3ArLtIwslVGFIm91xIcF8KH8enh48MrRym9wJDm4Vvo7WYMPxa28v\njg9bFaOgMzah5VIj9aqL4SK18UwhfNkuio5T9ti7XNaVqp7/u5e0ssbZgDuu/CwQ\nzV5cqph+BKdfP01C+xUAAAADAQABAAACAQC8RBJf9MpcXqGJYPqZ+kQAxG4oZV5+\nEUlimparz4mIPu6WTjt0dMUjg78SONQLtOGzeP10su5yzqTdNteF18xfJn2MteSm\nF1zM4xiCbOhhAwE+UXYRwdSOEYwJBuQ6GlMLpSheTJI/wUzKnjFQtNnwi2mzvMZ1\n1RJ9E0e8/tAJbTo9g3E8ctSeGUdFESDKSRX836LRKk3eEFE/3Xzo/floNO97Fy2W\nTBzvF1J1ieREeUWaXDDRFg+tl8q7Sxm96mFRQ8DP0BAhD56kt3679wgOtvzxhJJ/\nQSvWo8ZaK4NdiOVfScJo1hLmfAVcjeLJ6laLTbszeHeB8kTP8SV/dg2aaqLwSVyh\nu0SOLIAXOWro72yIR7GN3UcvJ7yTrr/IFR1Wx508KariyCTUmi5G+QDqNKjbsXV1\nqcAQMoR4TD4avYLnDhwlej7TNWLwBR6xyjNCfuyyCVOOARdVuuCmcrf5mzvTsxNA\ngEc6PGrt3hEwUtPl26W82Kb8dPZQXkl8NDqkKx3IXvTKA4eyDuIK9s5GtoSYTyKu\ngHxS5dqVAH81w4xZSklNb8OykLqGv95/ksfhzpkWd2qQRqgbgyOB+Lkjw6qJnEKV\nX1YRy6YbfnLeXtlhiI6tx38NsmujTTfSgjouJpMyVImqsH177DJyz3Z/O/1KFi6x\n6xa+7yw9vGpbBQAAAQAHQDhE/rRMMxJubf7KzcAAUn/vUIXjFot9y7WG9tjuDxTb\nW/V6SGjH56MXcUZCRXrHAl59mSsYSXoxJq8sVUP/Dtol3S4aakIlR82uHXWQ9Eer\ns5xGvP4f5qr4E4jW8V1c9D0lL4OKYWMncaOWwlWZbWLyGKI89k/Cu0lgHpJP9y2z\ntoJ883CEisVysptChHB2GdtgTbCgafW5H6D8ny+cs7jRklbVhuFDkLS79pYfjfwf\nQb2m5AlsYoRpVTl7k/IoSFHM+EMassSpCtc/FYiBjEWwrsZEIGctZba3Q1Db6FmG\npoReIdV2T8mqglfPV/jefWXz1vZ1UoGlHcF1Bvd3AAABAQD+M11TnRxN2VbxgdkZ\nA/U2P+LovGr2SuM3QhEVEKkWSat/TfrCD2RPjOvBUge5jwcKkAT8YZAb1u2x5Phf\nSitIAzgTwfvIJwMN9ST5taOIkKkMDiSDDUBWXQABT8lyM/SbDXDkIWITd2sslX0q\nmA+yhf37e/4oF4tPXmoLJ/aOgfr2BqjmkKzDOoiM/DlLvGQldFRbx+wr4N9rXDFa\nm2HyMiRDpwsXz8n9tG/QVtKYZ4odNYZmnCny3/dY2OUJugbQ6r7Qr72D3Vbx5JeR\nsui7RAMoTnfKld/UTyDts9fmR4BSrXf8XT21rOd9NF0oLoSUC73LP0UtbgJfMdQ4\nAO0jAAABAQDS/scNJxkz1xMCvvXKJwOT5gtSQvF/ddZ7rwXVEPo5OZ2ylXyk5IKF\niPghVr20O35QyuQ6Can02IT4l0g5Mugu0GAwQOQlXsind1xYhxIEB27dRSD74Xav\nMYYXPf19ZeKpb8aj3PBVylYzaADk912p2GRpFKoHBRVOMe37CWeZygie98LXd7Mb\nz5YwJSRXflc+ZjhxZcBWZhMmZnE6UvPzK2iZHB0HMhe1rHfI0WeCgw7mZwyznRW4\nDbYEc5Y8B+DIaE09UiZCg300c53qvImGk0XpQjcEh8LU5uY9VJe7pZOYXNDH4375\nLXNSqL64raa+Z+3SiMwifrSdPBOqhEZnAAAAAAEC\n-----END OPENSSH PRIVATE KEY-----\n",
            "private_key_pem": "-----BEGIN RSA PRIVATE KEY-----\nMIIJKQIBAAKCAgEA0YMfLCzRsAcnn4HZfVdaaMp/Iuin8uNxLI1sL5VUgmUh7w8U\nKPwQbtXXQnhByAXveWSz3pB/7nXPtD0spHh90L42AzSnEHrFsdBsdLb8mI9kR0Ao\nxYcjESHMaYGNAid3mWlOdPb/7XHqduvTQXiaHczhU//aYjJvebhAcPs1sOYGb9I6\nrO7mLa2Pe7+IfUWOyUPeW4tW3jPot9sWqb784BKalrAQ0hcCfv6p2+UtlracFRCS\nU3drjoF/u6fP8Z7gLIkUPf4CQbMeD6HpLQMm1K2IBBNNAbCGIXG5/tWcOSNm1FSZ\nq2aIKNt0OEyb4hAK3+p3kv4qW+3/erG8/224DHWvH22UweW3FGwpjyLjEKf8rRdo\nZE0fGvRS84kgHaF6RQ5qvpjdiK42e6Tf57F5PucnxjUbUg6oj+BGHAXiB/BFmQJR\n7X8eVZ1BTUz/bLFaSUbkKEMjNOEXUtUeyCea+PdsPLicOJRD2Ticf62H70RdjX3S\n5QJXWOuCV/LUopUfrjbb6Xufw3MeimHPBz+t86yepbwacgiZX3i3ArLtIwslVGFI\nm91xIcF8KH8enh48MrRym9wJDm4Vvo7WYMPxa28vjg9bFaOgMzah5VIj9aqL4SK1\n8UwhfNkuio5T9ti7XNaVqp7/u5e0ssbZgDuu/CwQzV5cqph+BKdfP01C+xUCAwEA\nAQKCAgEAvEQSX/TKXF6hiWD6mfpEAMRuKGVefhFJYpqWq8+JiD7ulk47dHTFI4O/\nEjjUC7Ths3j9dLLucs6k3TbXhdfMXyZ9jLXkphdczOMYgmzoYQMBPlF2EcHUjhGM\nCQbkOhpTC6UoXkySP8FMyp4xULTZ8Itps7zGddUSfRNHvP7QCW06PYNxPHLUnhlH\nRREgykkV/N+i0SpN3hBRP9186P35aDTvexctlkwc7xdSdYnkRHlFmlww0RYPrZfK\nu0sZvephUUPAz9AQIQ+epLd+u/cIDrb88YSSf0Er1qPGWiuDXYjlX0nCaNYS5nwF\nXI3iyepWi027M3h3gfJEz/Elf3YNmmqi8ElcobtEjiyAFzlq6O9siEexjd1HLye8\nk66/yBUdVsedPCmq4sgk1JouRvkA6jSo27F1danAEDKEeEw+Gr2C5w4cJXo+0zVi\n8AUescozQn7ssglTjgEXVbrgpnK3+Zs707MTQIBHOjxq7d4RMFLT5dulvNim/HT2\nUF5JfDQ6pCsdyF70ygOHsg7iCvbORraEmE8iroB8UuXalQB/NcOMWUpJTW/DspC6\nhr/ef5LH4c6ZFndqkEaoG4Mjgfi5I8OqiZxClV9WEcumG35y3l7ZYYiOrcd/DbJr\no0030oI6LiaTMlSJqrB9e+wycs92fzv9ShYusesWvu8sPbxqWwUCggEBAP4zXVOd\nHE3ZVvGB2RkD9TY/4ui8avZK4zdCERUQqRZJq39N+sIPZE+M68FSB7mPBwqQBPxh\nkBvW7bHk+F9KK0gDOBPB+8gnAw31JPm1o4iQqQwOJIMNQFZdAAFPyXIz9JsNcOQh\nYhN3ayyVfSqYD7KF/ft7/igXi09eagsn9o6B+vYGqOaQrMM6iIz8OUu8ZCV0VFvH\n7Cvg32tcMVqbYfIyJEOnCxfPyf20b9BW0phnih01hmacKfLf91jY5Qm6BtDqvtCv\nvYPdVvHkl5Gy6LtEAyhOd8qV39RPIO2z1+ZHgFKtd/xdPbWs5300XSguhJQLvcs/\nRS1uAl8x1DgA7SMCggEBANL+xw0nGTPXEwK+9conA5PmC1JC8X911nuvBdUQ+jk5\nnbKVfKTkgoWI+CFWvbQ7flDK5DoJqfTYhPiXSDky6C7QYDBA5CVeyKd3XFiHEgQH\nbt1FIPvhdq8xhhc9/X1l4qlvxqPc8FXKVjNoAOT3XanYZGkUqgcFFU4x7fsJZ5nK\nCJ73wtd3sxvPljAlJFd+Vz5mOHFlwFZmEyZmcTpS8/MraJkcHQcyF7Wsd8jRZ4KD\nDuZnDLOdFbgNtgRzljwH4MhoTT1SJkKDfTRzneq8iYaTRelCNwSHwtTm5j1Ul7ul\nk5hc0Mfjfvktc1Kovritpr5n7dKIzCJ+tJ08E6qERmcCggEBAKdcEfnW2qe2jDN9\nFf4OSQdqkG5Cfvmg3G+pI64GxgxSfILYSFwz3gsx8JXa+BMHQ8+EeoPfiA2MN/qD\nkbLLFivXUrhPYwGoDa7G041ENWLYOzQgq5FMzCsQF8zFRw/VfRoIg2bvQ68lVH6J\n/VppuwwCg/Fq9S5YMfQTaSXnLcEtepk4UUNbxSLUCssn1GE0q4qtSE0VFzzcVLxO\nen/5BUd8E7wm4nrO52INxgAY6ZZFtPz+HHq6HjQ1mJf6VPFOdOZfZznmOpPyyieA\nJPpcHDYO1TVYVC4g9rjFUByv51lJggbtBq40hUhzigU40Ix/8/G0uURzZ4w9fXpH\nSD2G/pkCggEACD6+howNlxIDgyr1LeYiZKgrrxZAm6t+Ky0mvDHCpXPT7sOasFLh\nqtg0YhEirqVYhU24Z3AzPQctAw3eW6XanuGzsI8Im1E95BVs/WSh1ph3w5vM8yrX\nWXdE9ymL+1d86QQeLg8XMTML9UxOJKRp+5YiLl0JW+bd80VOOG4gp0jW12d1LLhX\nvnF5O/5nkie0vxJ9iCjiwD2S6AA+0nmlYM5Ecx8/HyXc+VN5BtbwBZCbh3Nlcqtj\nyuJ2R2xA5a2lIg+5XPkV16mNvfv6os6lTSX6KGhXAA1SFsHDI4hnuYR55Q1Td0wz\njQcyp3tCoLLgfjZPe9euqnZrFm3fkt1CZwKCAQAHQDhE/rRMMxJubf7KzcAAUn/v\nUIXjFot9y7WG9tjuDxTbW/V6SGjH56MXcUZCRXrHAl59mSsYSXoxJq8sVUP/Dtol\n3S4aakIlR82uHXWQ9Eers5xGvP4f5qr4E4jW8V1c9D0lL4OKYWMncaOWwlWZbWLy\nGKI89k/Cu0lgHpJP9y2ztoJ883CEisVysptChHB2GdtgTbCgafW5H6D8ny+cs7jR\nklbVhuFDkLS79pYfjfwfQb2m5AlsYoRpVTl7k/IoSFHM+EMassSpCtc/FYiBjEWw\nrsZEIGctZba3Q1Db6FmGpoReIdV2T8mqglfPV/jefWXz1vZ1UoGlHcF1Bvd3\n-----END RSA PRIVATE KEY-----\n",
            "public_key_fingerprint_md5": "e3:20:aa:8b:1e:45:8d:14:0f:f0:93:e7:20:38:53:a1",
            "public_key_fingerprint_sha256": "SHA256:WL94XjQel4PLNP8zxwo43QSWftL8dkihq4aRRPz1C9o",
            "public_key_openssh": "ssh-rsa AAAAB3NzaC1yc2EAAAADAQABAAACAQDRgx8sLNGwByefgdl9V1poyn8i6Kfy43EsjWwvlVSCZSHvDxQo/BBu1ddCeEHIBe95ZLPekH/udc+0PSykeH3QvjYDNKcQesWx0Gx0tvyYj2RHQCjFhyMRIcxpgY0CJ3eZaU509v/tcep269NBeJodzOFT/9piMm95uEBw+zWw5gZv0jqs7uYtrY97v4h9RY7JQ95bi1beM+i32xapvvzgEpqWsBDSFwJ+/qnb5S2WtpwVEJJTd2uOgX+7p8/xnuAsiRQ9/gJBsx4PoektAybUrYgEE00BsIYhcbn+1Zw5I2bUVJmrZogo23Q4TJviEArf6neS/ipb7f96sbz/bbgMda8fbZTB5bcUbCmPIuMQp/ytF2hkTR8a9FLziSAdoXpFDmq+mN2IrjZ7pN/nsXk+5yfGNRtSDqiP4EYcBeIH8EWZAlHtfx5VnUFNTP9ssVpJRuQoQyM04RdS1R7IJ5r492w8uJw4lEPZOJx/rYfvRF2NfdLlAldY64JX8tSilR+uNtvpe5/Dcx6KYc8HP63zrJ6lvBpyCJlfeLcCsu0jCyVUYUib3XEhwXwofx6eHjwytHKb3AkObhW+jtZgw/Frby+OD1sVo6AzNqHlUiP1qovhIrXxTCF82S6KjlP22Ltc1pWqnv+7l7SyxtmAO678LBDNXlyqmH4Ep18/TUL7FQ==\n",
            "public_key_pem": "-----BEGIN PUBLIC KEY-----\nMIICIjANBgkqhkiG9w0BAQEFAAOCAg8AMIICCgKCAgEA0YMfLCzRsAcnn4HZfVda\naMp/Iuin8uNxLI1sL5VUgmUh7w8UKPwQbtXXQnhByAXveWSz3pB/7nXPtD0spHh9\n0L42AzSnEHrFsdBsdLb8mI9kR0AoxYcjESHMaYGNAid3mWlOdPb/7XHqduvTQXia\nHczhU//aYjJvebhAcPs1sOYGb9I6rO7mLa2Pe7+IfUWOyUPeW4tW3jPot9sWqb78\n4BKalrAQ0hcCfv6p2+UtlracFRCSU3drjoF/u6fP8Z7gLIkUPf4CQbMeD6HpLQMm\n1K2IBBNNAbCGIXG5/tWcOSNm1FSZq2aIKNt0OEyb4hAK3+p3kv4qW+3/erG8/224\nDHWvH22UweW3FGwpjyLjEKf8rRdoZE0fGvRS84kgHaF6RQ5qvpjdiK42e6Tf57F5\nPucnxjUbUg6oj+BGHAXiB/BFmQJR7X8eVZ1BTUz/bLFaSUbkKEMjNOEXUtUeyCea\n+PdsPLicOJRD2Ticf62H70RdjX3S5QJXWOuCV/LUopUfrjbb6Xufw3MeimHPBz+t\n86yepbwacgiZX3i3ArLtIwslVGFIm91xIcF8KH8enh48MrRym9wJDm4Vvo7WYMPx\na28vjg9bFaOgMzah5VIj9aqL4SK18UwhfNkuio5T9ti7XNaVqp7/u5e0ssbZgDuu\n/CwQzV5cqph+BKdfP01C+xUCAwEAAQ==\n-----END PUBLIC KEY-----\n",
            "rsa_bits": 4096
          },
          "sensitive_attributes": [],
          "private": "bnVsbA=="
        }
      ]
    }
  ]
}
